
Microsoft Visual Studio Solution File, Format Version 12.00
# Visual Studio 15
VisualStudioVersion = 15.0.28307.572
MinimumVisualStudioVersion = 10.0.40219.1
Project("{FAE04EC0-301F-11D3-BF4B-00C04F79EFBC}") = "K2Documentation.Samples.Extensions.SmartForms.CustomFont", "K2Documentation.Samples.Extensions.SmartForms.CustomFont.csproj", "{FDFC1C7B-B875-4643-B7D7-D3000D0D6C17}"
EndProject
Global
	GlobalSection(SolutionConfigurationPlatforms) = preSolution
		Debug|Any CPU = Debug|Any CPU
		Release|Any CPU = Release|Any CPU
	EndGlobalSection
	GlobalSection(ProjectConfigurationPlatforms) = postSolution
		{FDFC1C7B-B875-4643-B7D7-D3000D0D6C17}.Debug|Any CPU.ActiveCfg = Debug|Any CPU
		{FDFC1C7B-B875-4643-B7D7-D3000D0D6C17}.Debug|Any CPU.Build.0 = Debug|Any CPU
		{FDFC1C7B-B875-4643-B7D7-D3000D0D6C17}.Release|Any CPU.ActiveCfg = Release|Any CPU
		{FDFC1C7B-B875-4643-B7D7-D3000D0D6C17}.Release|Any CPU.Build.0 = Release|Any CPU
	EndGlobalSection
	GlobalSection(SolutionProperties) = preSolution
		HideSolutionNode = FALSE
	EndGlobalSection
	GlobalSection(ExtensibilityGlobals) = postSolution
		SolutionGuid = {389922E7-9FF6-4562-B7F6-33490A94E13A}
	EndGlobalSection
EndGlobal
